
Microsoft Visual Studio Solution File, Format Version 12.00
Project("{FAE04EC0-301F-11D3-BF4B-00C04F79EFBC}") = "Lesson24.Async", "Lesson24.Async\Lesson24.Async.csproj", "{E4B32089-9AB1-4F59-B46E-9BEC158891CB}"
EndProject
Global
	GlobalSection(SolutionConfigurationPlatforms) = preSolution
		Debug|Any CPU = Debug|Any CPU
		Release|Any CPU = Release|Any CPU
	EndGlobalSection
	GlobalSection(ProjectConfigurationPlatforms) = postSolution
		{E4B32089-9AB1-4F59-B46E-9BEC158891CB}.Debug|Any CPU.ActiveCfg = Debug|Any CPU
		{E4B32089-9AB1-4F59-B46E-9BEC158891CB}.Debug|Any CPU.Build.0 = Debug|Any CPU
		{E4B32089-9AB1-4F59-B46E-9BEC158891CB}.Release|Any CPU.ActiveCfg = Release|Any CPU
		{E4B32089-9AB1-4F59-B46E-9BEC158891CB}.Release|Any CPU.Build.0 = Release|Any CPU
	EndGlobalSection
EndGlobal
